
Microsoft Visual Studio Solution File, Format Version 12.00
# Visual Studio Version 18
VisualStudioVersion = 18.8.12009.203 stable
MinimumVisualStudioVersion = 10.0.40219.1
Project("{2150E333-8FDC-42A3-9474-1A3956D46DE8}") = "SRC", "SRC", "{7463D5BD-B26B-4A64-906B-BA4CEE86FE26}"
EndProject
Project("{FAE04EC0-301F-11D3-BF4B-00C04F79EFBC}") = "Maido.Application", "Maido.Application\Maido.Application.csproj", "{7539BF98-5071-40A4-822A-4A29A1D88561}"
EndProject
Project("{FAE04EC0-301F-11D3-BF4B-00C04F79EFBC}") = "Maido.Domain", "Maido.Domain\Maido.Domain.csproj", "{ACB93873-0328-464E-B5BA-9AEEE3322EF0}"
EndProject
Project("{FAE04EC0-301F-11D3-BF4B-00C04F79EFBC}") = "Maido.Infrastructure", "Maido.Infrastructure\Maido.Infrastructure.csproj", "{EC38FFBA-11C5-4A46-BE4F-8EFBF333B409}"
EndProject
Project("{FAE04EC0-301F-11D3-BF4B-00C04F79EFBC}") = "Maido.PLGUI", "Maido.PLGUI\Maido.PLGUI.csproj", "{182E3D8D-FF90-459C-8CBF-E41F5B78B510}"
EndProject
Global
	GlobalSection(SolutionConfigurationPlatforms) = preSolution
		Debug|Any CPU = Debug|Any CPU
		Release|Any CPU = Release|Any CPU
	EndGlobalSection
	GlobalSection(ProjectConfigurationPlatforms) = postSolution
		{7539BF98-5071-40A4-822A-4A29A1D88561}.Debug|Any CPU.ActiveCfg = Debug|Any CPU
		{7539BF98-5071-40A4-822A-4A29A1D88561}.Debug|Any CPU.Build.0 = Debug|Any CPU
		{7539BF98-5071-40A4-822A-4A29A1D88561}.Release|Any CPU.ActiveCfg = Release|Any CPU
		{7539BF98-5071-40A4-822A-4A29A1D88561}.Release|Any CPU.Build.0 = Release|Any CPU
		{ACB93873-0328-464E-B5BA-9AEEE3322EF0}.Debug|Any CPU.ActiveCfg = Debug|Any CPU
		{ACB93873-0328-464E-B5BA-9AEEE3322EF0}.Debug|Any CPU.Build.0 = Debug|Any CPU
		{ACB93873-0328-464E-B5BA-9AEEE3322EF0}.Release|Any CPU.ActiveCfg = Release|Any CPU
		{ACB93873-0328-464E-B5BA-9AEEE3322EF0}.Release|Any CPU.Build.0 = Release|Any CPU
		{EC38FFBA-11C5-4A46-BE4F-8EFBF333B409}.Debug|Any CPU.ActiveCfg = Debug|Any CPU
		{EC38FFBA-11C5-4A46-BE4F-8EFBF333B409}.Debug|Any CPU.Build.0 = Debug|Any CPU
		{EC38FFBA-11C5-4A46-BE4F-8EFBF333B409}.Release|Any CPU.ActiveCfg = Release|Any CPU
		{EC38FFBA-11C5-4A46-BE4F-8EFBF333B409}.Release|Any CPU.Build.0 = Release|Any CPU
		{182E3D8D-FF90-459C-8CBF-E41F5B78B510}.Debug|Any CPU.ActiveCfg = Debug|Any CPU
		{182E3D8D-FF90-459C-8CBF-E41F5B78B510}.Debug|Any CPU.Build.0 = Debug|Any CPU
		{182E3D8D-FF90-459C-8CBF-E41F5B78B510}.Release|Any CPU.ActiveCfg = Release|Any CPU
		{182E3D8D-FF90-459C-8CBF-E41F5B78B510}.Release|Any CPU.Build.0 = Release|Any CPU
	EndGlobalSection
	GlobalSection(SolutionProperties) = preSolution
		HideSolutionNode = FALSE
	EndGlobalSection
	GlobalSection(NestedProjects) = preSolution
		{7539BF98-5071-40A4-822A-4A29A1D88561} = {7463D5BD-B26B-4A64-906B-BA4CEE86FE26}
		{ACB93873-0328-464E-B5BA-9AEEE3322EF0} = {7463D5BD-B26B-4A64-906B-BA4CEE86FE26}
		{EC38FFBA-11C5-4A46-BE4F-8EFBF333B409} = {7463D5BD-B26B-4A64-906B-BA4CEE86FE26}
		{182E3D8D-FF90-459C-8CBF-E41F5B78B510} = {7463D5BD-B26B-4A64-906B-BA4CEE86FE26}
	EndGlobalSection
	GlobalSection(ExtensibilityGlobals) = postSolution
		SolutionGuid = {45F6FCFE-4203-461B-9C19-B3826BAD1C42}
	EndGlobalSection
EndGlobal
